
Microsoft Visual Studio Solution File, Format Version 12.00
# Visual Studio Version 17
VisualStudioVersion = 17.1.32228.430
MinimumVisualStudioVersion = 10.0.40219.1
Project("{FAE04EC0-301F-11D3-BF4B-00C04F79EFBC}") = "Odev__1", "Odev__1\Odev__1.csproj", "{05EFF505-7D75-45E6-9F16-910F9F22150D}"
EndProject
Global
	GlobalSection(SolutionConfigurationPlatforms) = preSolution
		Debug|Any CPU = Debug|Any CPU
		Release|Any CPU = Release|Any CPU
	EndGlobalSection
	GlobalSection(ProjectConfigurationPlatforms) = postSolution
		{05EFF505-7D75-45E6-9F16-910F9F22150D}.Debug|Any CPU.ActiveCfg = Debug|Any CPU
		{05EFF505-7D75-45E6-9F16-910F9F22150D}.Debug|Any CPU.Build.0 = Debug|Any CPU
		{05EFF505-7D75-45E6-9F16-910F9F22150D}.Release|Any CPU.ActiveCfg = Release|Any CPU
		{05EFF505-7D75-45E6-9F16-910F9F22150D}.Release|Any CPU.Build.0 = Release|Any CPU
	EndGlobalSection
	GlobalSection(SolutionProperties) = preSolution
		HideSolutionNode = FALSE
	EndGlobalSection
	GlobalSection(ExtensibilityGlobals) = postSolution
		SolutionGuid = {964B74DA-3DEE-4C60-BA5C-377493538121}
	EndGlobalSection
EndGlobal
